
Microsoft Visual Studio Solution File, Format Version 12.00
# Visual Studio 2013
VisualStudioVersion = 12.0.21005.1
MinimumVisualStudioVersion = 10.0.40219.1
Project("{2150E333-8FDC-42A3-9474-1A3956D46DE8}") = "Core", "Core", "{49FE83A9-A9F4-4C3F-8BB4-2A3609EA716D}"
EndProject
Project("{2150E333-8FDC-42A3-9474-1A3956D46DE8}") = "Tests", "Tests", "{9E5A49E2-38B8-41D4-A881-1202244CB54A}"
EndProject
Project("{FAE04EC0-301F-11D3-BF4B-00C04F79EFBC}") = "FeralTic", "Core\FeralTic.csproj", "{7CCA78AB-5839-4CB6-A685-85BC3EA77C9D}"
EndProject
Project("{2150E333-8FDC-42A3-9474-1A3956D46DE8}") = "Addons", "Addons", "{C044C786-D8A3-429E-B1EC-2B7E7D47CEDB}"
EndProject
Project("{FAE04EC0-301F-11D3-BF4B-00C04F79EFBC}") = "FeralTic.Addons.Vlc", "Addons\FeralTic.Addons.Vlc\FeralTic.Addons.Vlc.csproj", "{E95A2471-FD79-4E31-98D4-CB52E36666D5}"
EndProject
Project("{FAE04EC0-301F-11D3-BF4B-00C04F79EFBC}") = "FeralTic.Addons.Kinect", "Addons\FeralTic.Addons.Kinect\FeralTic.Addons.Kinect.csproj", "{934D1AEC-256D-4110-82F3-BCF29F8C031D}"
EndProject
Project("{FAE04EC0-301F-11D3-BF4B-00C04F79EFBC}") = "FeralTic.Addons.Kinect2", "Addons\FeralTic.Addons.Kinect2\FeralTic.Addons.Kinect2.csproj", "{378070C8-2B75-45C7-86B5-C64BED8FD7A4}"
EndProject
Project("{FAE04EC0-301F-11D3-BF4B-00C04F79EFBC}") = "FeralTic.Addons.Assimp", "Addons\FeralTic.Addons.Assimp\FeralTic.Addons.Assimp.csproj", "{41B29E67-D9E7-4929-B0BA-968BA9786752}"
EndProject
Project("{FAE04EC0-301F-11D3-BF4B-00C04F79EFBC}") = "FeralTic.Addons.RenderLayers", "Addons\FeralTic.Addons.RenderLayers\FeralTic.Addons.RenderLayers.csproj", "{997D43D5-2DC2-4E40-B245-DC05A76E8A52}"
EndProject
Global
	GlobalSection(SolutionConfigurationPlatforms) = preSolution
		Debug|Any CPU = Debug|Any CPU
		DirectX11_1_Debug|Any CPU = DirectX11_1_Debug|Any CPU
		DirectX11_1_Release|Any CPU = DirectX11_1_Release|Any CPU
		DirectX11_2_Debug|Any CPU = DirectX11_2_Debug|Any CPU
		DirectX11_2_Release|Any CPU = DirectX11_2_Release|Any CPU
		DirectX11_Debug|Any CPU = DirectX11_Debug|Any CPU
		DirectX11_Release|Any CPU = DirectX11_Release|Any CPU
		Release|Any CPU = Release|Any CPU
	EndGlobalSection
	GlobalSection(ProjectConfigurationPlatforms) = postSolution
		{7CCA78AB-5839-4CB6-A685-85BC3EA77C9D}.Debug|Any CPU.ActiveCfg = DirectX11_Debug|Any CPU
		{7CCA78AB-5839-4CB6-A685-85BC3EA77C9D}.Debug|Any CPU.Build.0 = DirectX11_Debug|Any CPU
		{7CCA78AB-5839-4CB6-A685-85BC3EA77C9D}.DirectX11_1_Debug|Any CPU.ActiveCfg = DirectX11_1_Debug|Any CPU
		{7CCA78AB-5839-4CB6-A685-85BC3EA77C9D}.DirectX11_1_Debug|Any CPU.Build.0 = DirectX11_1_Debug|Any CPU
		{7CCA78AB-5839-4CB6-A685-85BC3EA77C9D}.DirectX11_1_Release|Any CPU.ActiveCfg = DirectX11_1_Release|Any CPU
		{7CCA78AB-5839-4CB6-A685-85BC3EA77C9D}.DirectX11_1_Release|Any CPU.Build.0 = DirectX11_1_Release|Any CPU
		{7CCA78AB-5839-4CB6-A685-85BC3EA77C9D}.DirectX11_2_Debug|Any CPU.ActiveCfg = DirectX11_2_Debug|Any CPU
		{7CCA78AB-5839-4CB6-A685-85BC3EA77C9D}.DirectX11_2_Debug|Any CPU.Build.0 = DirectX11_2_Debug|Any CPU
		{7CCA78AB-5839-4CB6-A685-85BC3EA77C9D}.DirectX11_2_Release|Any CPU.ActiveCfg = DirectX11_2_Release|Any CPU
		{7CCA78AB-5839-4CB6-A685-85BC3EA77C9D}.DirectX11_2_Release|Any CPU.Build.0 = DirectX11_2_Release|Any CPU
		{7CCA78AB-5839-4CB6-A685-85BC3EA77C9D}.DirectX11_Debug|Any CPU.ActiveCfg = DirectX11_Debug|Any CPU
		{7CCA78AB-5839-4CB6-A685-85BC3EA77C9D}.DirectX11_Debug|Any CPU.Build.0 = DirectX11_Debug|Any CPU
		{7CCA78AB-5839-4CB6-A685-85BC3EA77C9D}.DirectX11_Release|Any CPU.ActiveCfg = DirectX11_Release|Any CPU
		{7CCA78AB-5839-4CB6-A685-85BC3EA77C9D}.DirectX11_Release|Any CPU.Build.0 = DirectX11_Release|Any CPU
		{7CCA78AB-5839-4CB6-A685-85BC3EA77C9D}.Release|Any CPU.ActiveCfg = DirectX11_Release|Any CPU
		{7CCA78AB-5839-4CB6-A685-85BC3EA77C9D}.Release|Any CPU.Build.0 = DirectX11_Release|Any CPU
		{E95A2471-FD79-4E31-98D4-CB52E36666D5}.Debug|Any CPU.ActiveCfg = DirectX11_Debug|Any CPU
		{E95A2471-FD79-4E31-98D4-CB52E36666D5}.Debug|Any CPU.Build.0 = DirectX11_Debug|Any CPU
		{E95A2471-FD79-4E31-98D4-CB52E36666D5}.DirectX11_1_Debug|Any CPU.ActiveCfg = DirectX11_1_Debug|Any CPU
		{E95A2471-FD79-4E31-98D4-CB52E36666D5}.DirectX11_1_Debug|Any CPU.Build.0 = DirectX11_1_Debug|Any CPU
		{E95A2471-FD79-4E31-98D4-CB52E36666D5}.DirectX11_1_Release|Any CPU.ActiveCfg = DirectX11_1_Release|Any CPU
		{E95A2471-FD79-4E31-98D4-CB52E36666D5}.DirectX11_1_Release|Any CPU.Build.0 = DirectX11_1_Release|Any CPU
		{E95A2471-FD79-4E31-98D4-CB52E36666D5}.DirectX11_2_Debug|Any CPU.ActiveCfg = DirectX11_2_Debug|Any CPU
		{E95A2471-FD79-4E31-98D4-CB52E36666D5}.DirectX11_2_Debug|Any CPU.Build.0 = DirectX11_2_Debug|Any CPU
		{E95A2471-FD79-4E31-98D4-CB52E36666D5}.DirectX11_2_Release|Any CPU.ActiveCfg = DirectX11_2_Release|Any CPU
		{E95A2471-FD79-4E31-98D4-CB52E36666D5}.DirectX11_2_Release|Any CPU.Build.0 = DirectX11_2_Release|Any CPU
		{E95A2471-FD79-4E31-98D4-CB52E36666D5}.DirectX11_Debug|Any CPU.ActiveCfg = DirectX11_Debug|Any CPU
		{E95A2471-FD79-4E31-98D4-CB52E36666D5}.DirectX11_Debug|Any CPU.Build.0 = DirectX11_Debug|Any CPU
		{E95A2471-FD79-4E31-98D4-CB52E36666D5}.DirectX11_Release|Any CPU.ActiveCfg = DirectX11_Release|Any CPU
		{E95A2471-FD79-4E31-98D4-CB52E36666D5}.DirectX11_Release|Any CPU.Build.0 = DirectX11_Release|Any CPU
		{E95A2471-FD79-4E31-98D4-CB52E36666D5}.Release|Any CPU.ActiveCfg = DirectX11_Release|Any CPU
		{E95A2471-FD79-4E31-98D4-CB52E36666D5}.Release|Any CPU.Build.0 = DirectX11_Release|Any CPU
		{934D1AEC-256D-4110-82F3-BCF29F8C031D}.Debug|Any CPU.ActiveCfg = DirectX11_Debug|Any CPU
		{934D1AEC-256D-4110-82F3-BCF29F8C031D}.Debug|Any CPU.Build.0 = DirectX11_Debug|Any CPU
		{934D1AEC-256D-4110-82F3-BCF29F8C031D}.DirectX11_1_Debug|Any CPU.ActiveCfg = DirectX11_1_Debug|Any CPU
		{934D1AEC-256D-4110-82F3-BCF29F8C031D}.DirectX11_1_Debug|Any CPU.Build.0 = DirectX11_1_Debug|Any CPU
		{934D1AEC-256D-4110-82F3-BCF29F8C031D}.DirectX11_1_Release|Any CPU.ActiveCfg = DirectX11_1_Release|Any CPU
		{934D1AEC-256D-4110-82F3-BCF29F8C031D}.DirectX11_1_Release|Any CPU.Build.0 = DirectX11_1_Release|Any CPU
		{934D1AEC-256D-4110-82F3-BCF29F8C031D}.DirectX11_2_Debug|Any CPU.ActiveCfg = DirectX11_2_Debug|Any CPU
		{934D1AEC-256D-4110-82F3-BCF29F8C031D}.DirectX11_2_Debug|Any CPU.Build.0 = DirectX11_2_Debug|Any CPU
		{934D1AEC-256D-4110-82F3-BCF29F8C031D}.DirectX11_2_Release|Any CPU.ActiveCfg = DirectX11_2_Release|Any CPU
		{934D1AEC-256D-4110-82F3-BCF29F8C031D}.DirectX11_2_Release|Any CPU.Build.0 = DirectX11_2_Release|Any CPU
		{934D1AEC-256D-4110-82F3-BCF29F8C031D}.DirectX11_Debug|Any CPU.ActiveCfg = DirectX11_Debug|Any CPU
		{934D1AEC-256D-4110-82F3-BCF29F8C031D}.DirectX11_Debug|Any CPU.Build.0 = DirectX11_Debug|Any CPU
		{934D1AEC-256D-4110-82F3-BCF29F8C031D}.DirectX11_Release|Any CPU.ActiveCfg = DirectX11_Release|Any CPU
		{934D1AEC-256D-4110-82F3-BCF29F8C031D}.DirectX11_Release|Any CPU.Build.0 = DirectX11_Release|Any CPU
		{934D1AEC-256D-4110-82F3-BCF29F8C031D}.Release|Any CPU.ActiveCfg = DirectX11_Release|Any CPU
		{934D1AEC-256D-4110-82F3-BCF29F8C031D}.Release|Any CPU.Build.0 = DirectX11_Release|Any CPU
		{378070C8-2B75-45C7-86B5-C64BED8FD7A4}.Debug|Any CPU.ActiveCfg = DirectX11_Debug|Any CPU
		{378070C8-2B75-45C7-86B5-C64BED8FD7A4}.Debug|Any CPU.Build.0 = DirectX11_Debug|Any CPU
		{378070C8-2B75-45C7-86B5-C64BED8FD7A4}.DirectX11_1_Debug|Any CPU.ActiveCfg = DirectX11_1_Debug|Any CPU
		{378070C8-2B75-45C7-86B5-C64BED8FD7A4}.DirectX11_1_Debug|Any CPU.Build.0 = DirectX11_1_Debug|Any CPU
		{378070C8-2B75-45C7-86B5-C64BED8FD7A4}.DirectX11_1_Release|Any CPU.ActiveCfg = DirectX11_1_Release|Any CPU
		{378070C8-2B75-45C7-86B5-C64BED8FD7A4}.DirectX11_1_Release|Any CPU.Build.0 = DirectX11_1_Release|Any CPU
		{378070C8-2B75-45C7-86B5-C64BED8FD7A4}.DirectX11_2_Debug|Any CPU.ActiveCfg = DirectX11_2_Debug|Any CPU
		{378070C8-2B75-45C7-86B5-C64BED8FD7A4}.DirectX11_2_Debug|Any CPU.Build.0 = DirectX11_2_Debug|Any CPU
		{378070C8-2B75-45C7-86B5-C64BED8FD7A4}.DirectX11_2_Release|Any CPU.ActiveCfg = DirectX11_2_Release|Any CPU
		{378070C8-2B75-45C7-86B5-C64BED8FD7A4}.DirectX11_2_Release|Any CPU.Build.0 = DirectX11_2_Release|Any CPU
		{378070C8-2B75-45C7-86B5-C64BED8FD7A4}.DirectX11_Debug|Any CPU.ActiveCfg = DirectX11_Debug|Any CPU
		{378070C8-2B75-45C7-86B5-C64BED8FD7A4}.DirectX11_Debug|Any CPU.Build.0 = DirectX11_Debug|Any CPU
		{378070C8-2B75-45C7-86B5-C64BED8FD7A4}.DirectX11_Release|Any CPU.ActiveCfg = DirectX11_Release|Any CPU
		{378070C8-2B75-45C7-86B5-C64BED8FD7A4}.DirectX11_Release|Any CPU.Build.0 = DirectX11_Release|Any CPU
		{378070C8-2B75-45C7-86B5-C64BED8FD7A4}.Release|Any CPU.ActiveCfg = DirectX11_Release|Any CPU
		{378070C8-2B75-45C7-86B5-C64BED8FD7A4}.Release|Any CPU.Build.0 = DirectX11_Release|Any CPU
		{41B29E67-D9E7-4929-B0BA-968BA9786752}.Debug|Any CPU.ActiveCfg = DirectX11_Debug|Any CPU
		{41B29E67-D9E7-4929-B0BA-968BA9786752}.Debug|Any CPU.Build.0 = DirectX11_Debug|Any CPU
		{41B29E67-D9E7-4929-B0BA-968BA9786752}.DirectX11_1_Debug|Any CPU.ActiveCfg = DirectX11_1_Debug|Any CPU
		{41B29E67-D9E7-4929-B0BA-968BA9786752}.DirectX11_1_Debug|Any CPU.Build.0 = DirectX11_1_Debug|Any CPU
		{41B29E67-D9E7-4929-B0BA-968BA9786752}.DirectX11_1_Release|Any CPU.ActiveCfg = DirectX11_1_Release|Any CPU
		{41B29E67-D9E7-4929-B0BA-968BA9786752}.DirectX11_1_Release|Any CPU.Build.0 = DirectX11_1_Release|Any CPU
		{41B29E67-D9E7-4929-B0BA-968BA9786752}.DirectX11_2_Debug|Any CPU.ActiveCfg = DirectX11_2_Debug|Any CPU
		{41B29E67-D9E7-4929-B0BA-968BA9786752}.DirectX11_2_Debug|Any CPU.Build.0 = DirectX11_2_Debug|Any CPU
		{41B29E67-D9E7-4929-B0BA-968BA9786752}.DirectX11_2_Release|Any CPU.ActiveCfg = DirectX11_2_Release|Any CPU
		{41B29E67-D9E7-4929-B0BA-968BA9786752}.DirectX11_2_Release|Any CPU.Build.0 = DirectX11_2_Release|Any CPU
		{41B29E67-D9E7-4929-B0BA-968BA9786752}.DirectX11_Debug|Any CPU.ActiveCfg = DirectX11_Debug|Any CPU
		{41B29E67-D9E7-4929-B0BA-968BA9786752}.DirectX11_Debug|Any CPU.Build.0 = DirectX11_Debug|Any CPU
		{41B29E67-D9E7-4929-B0BA-968BA9786752}.DirectX11_Release|Any CPU.ActiveCfg = DirectX11_Release|Any CPU
		{41B29E67-D9E7-4929-B0BA-968BA9786752}.DirectX11_Release|Any CPU.Build.0 = DirectX11_Release|Any CPU
		{41B29E67-D9E7-4929-B0BA-968BA9786752}.Release|Any CPU.ActiveCfg = DirectX11_Release|Any CPU
		{41B29E67-D9E7-4929-B0BA-968BA9786752}.Release|Any CPU.Build.0 = DirectX11_Release|Any CPU
		{997D43D5-2DC2-4E40-B245-DC05A76E8A52}.Debug|Any CPU.ActiveCfg = DirectX11_2_Debug|Any CPU
		{997D43D5-2DC2-4E40-B245-DC05A76E8A52}.Debug|Any CPU.Build.0 = DirectX11_2_Debug|Any CPU
		{997D43D5-2DC2-4E40-B245-DC05A76E8A52}.DirectX11_1_Debug|Any CPU.ActiveCfg = DirectX11_1_Debug|Any CPU
		{997D43D5-2DC2-4E40-B245-DC05A76E8A52}.DirectX11_1_Debug|Any CPU.Build.0 = DirectX11_1_Debug|Any CPU
		{997D43D5-2DC2-4E40-B245-DC05A76E8A52}.DirectX11_1_Release|Any CPU.ActiveCfg = DirectX11_1_Release|Any CPU
		{997D43D5-2DC2-4E40-B245-DC05A76E8A52}.DirectX11_1_Release|Any CPU.Build.0 = DirectX11_1_Release|Any CPU
		{997D43D5-2DC2-4E40-B245-DC05A76E8A52}.DirectX11_2_Debug|Any CPU.ActiveCfg = DirectX11_2_Debug|Any CPU
		{997D43D5-2DC2-4E40-B245-DC05A76E8A52}.DirectX11_2_Debug|Any CPU.Build.0 = DirectX11_2_Debug|Any CPU
		{997D43D5-2DC2-4E40-B245-DC05A76E8A52}.DirectX11_2_Release|Any CPU.ActiveCfg = DirectX11_2_Release|Any CPU
		{997D43D5-2DC2-4E40-B245-DC05A76E8A52}.DirectX11_2_Release|Any CPU.Build.0 = DirectX11_2_Release|Any CPU
		{997D43D5-2DC2-4E40-B245-DC05A76E8A52}.DirectX11_Debug|Any CPU.ActiveCfg = DirectX11_Debug|Any CPU
		{997D43D5-2DC2-4E40-B245-DC05A76E8A52}.DirectX11_Debug|Any CPU.Build.0 = DirectX11_Debug|Any CPU
		{997D43D5-2DC2-4E40-B245-DC05A76E8A52}.DirectX11_Release|Any CPU.ActiveCfg = DirectX11_Release|Any CPU
		{997D43D5-2DC2-4E40-B245-DC05A76E8A52}.DirectX11_Release|Any CPU.Build.0 = DirectX11_Release|Any CPU
		{997D43D5-2DC2-4E40-B245-DC05A76E8A52}.Release|Any CPU.ActiveCfg = DirectX11_2_Release|Any CPU
		{997D43D5-2DC2-4E40-B245-DC05A76E8A52}.Release|Any CPU.Build.0 = DirectX11_2_Release|Any CPU
	EndGlobalSection
	GlobalSection(SolutionProperties) = preSolution
		HideSolutionNode = FALSE
	EndGlobalSection
	GlobalSection(NestedProjects) = preSolution
		{7CCA78AB-5839-4CB6-A685-85BC3EA77C9D} = {49FE83A9-A9F4-4C3F-8BB4-2A3609EA716D}
		{E95A2471-FD79-4E31-98D4-CB52E36666D5} = {C044C786-D8A3-429E-B1EC-2B7E7D47CEDB}
		{934D1AEC-256D-4110-82F3-BCF29F8C031D} = {C044C786-D8A3-429E-B1EC-2B7E7D47CEDB}
		{378070C8-2B75-45C7-86B5-C64BED8FD7A4} = {C044C786-D8A3-429E-B1EC-2B7E7D47CEDB}
		{41B29E67-D9E7-4929-B0BA-968BA9786752} = {C044C786-D8A3-429E-B1EC-2B7E7D47CEDB}
		{997D43D5-2DC2-4E40-B245-DC05A76E8A52} = {C044C786-D8A3-429E-B1EC-2B7E7D47CEDB}
	EndGlobalSection
EndGlobal
